
Microsoft Visual Studio Solution File, Format Version 12.00
# Visual Studio 15
VisualStudioVersion = 15.0.28307.757
MinimumVisualStudioVersion = 10.0.40219.1
Project("{2150E333-8FDC-42A3-9474-1A3956D46DE8}") = "Common", "Common", "{E9CE1BDA-4D07-4FA3-AA72-B4B54D00343D}"
EndProject
Project("{2150E333-8FDC-42A3-9474-1A3956D46DE8}") = "API", "API", "{74E6A074-8707-48DB-BF42-655DC8C2CDD9}"
EndProject
Project("{2150E333-8FDC-42A3-9474-1A3956D46DE8}") = "Domain", "Domain", "{CFED7298-3F6E-4E01-8491-612479DB154D}"
EndProject
Project("{2150E333-8FDC-42A3-9474-1A3956D46DE8}") = "Core", "Core", "{24947875-977A-485C-B022-630B2C566181}"
EndProject
Project("{FAE04EC0-301F-11D3-BF4B-00C04F79EFBC}") = "GAP.Insurance.Common", "GAP.Insurance.Common\GAP.Insurance.Common.csproj", "{D0759668-5618-483D-9047-E264AD0754DA}"
EndProject
Project("{FAE04EC0-301F-11D3-BF4B-00C04F79EFBC}") = "GAP.Insurance.Core", "GAP.Insurance.Core\GAP.Insurance.Core.csproj", "{5C642DA2-ED68-42A6-A806-0707D1A55F79}"
EndProject
Project("{FAE04EC0-301F-11D3-BF4B-00C04F79EFBC}") = "GAP.Insurance.Domain", "GAP.Insurance.Domain\GAP.Insurance.Domain.csproj", "{6D1104F4-91D2-4AFD-B6FC-1C3FE2EDAB30}"
EndProject
Project("{FAE04EC0-301F-11D3-BF4B-00C04F79EFBC}") = "GAP.Insurance.TO", "GAP.Insurance.TO\GAP.Insurance.TO.csproj", "{D53D1B51-7EA8-405F-9033-13FFAD53701C}"
EndProject
Project("{FAE04EC0-301F-11D3-BF4B-00C04F79EFBC}") = "GAP.Insurance.API", "GAP.Insurance.API\GAP.Insurance.API.csproj", "{FF7FD844-D0E5-459B-8CC9-4FFDAAD1AD6A}"
EndProject
Project("{2150E333-8FDC-42A3-9474-1A3956D46DE8}") = "Web", "Web", "{3B51FB01-4989-4F77-B4DE-380F9FDC3C40}"
EndProject
Project("{FAE04EC0-301F-11D3-BF4B-00C04F79EFBC}") = "GAP.Insurance.Web", "GAP.Insurance.Web\GAP.Insurance.Web.csproj", "{53284C1F-3189-411F-86F8-78996DFCD986}"
EndProject
Global
	GlobalSection(SolutionConfigurationPlatforms) = preSolution
		Debug|Any CPU = Debug|Any CPU
		Release|Any CPU = Release|Any CPU
	EndGlobalSection
	GlobalSection(ProjectConfigurationPlatforms) = postSolution
		{D0759668-5618-483D-9047-E264AD0754DA}.Debug|Any CPU.ActiveCfg = Debug|Any CPU
		{D0759668-5618-483D-9047-E264AD0754DA}.Debug|Any CPU.Build.0 = Debug|Any CPU
		{D0759668-5618-483D-9047-E264AD0754DA}.Release|Any CPU.ActiveCfg = Release|Any CPU
		{D0759668-5618-483D-9047-E264AD0754DA}.Release|Any CPU.Build.0 = Release|Any CPU
		{5C642DA2-ED68-42A6-A806-0707D1A55F79}.Debug|Any CPU.ActiveCfg = Debug|Any CPU
		{5C642DA2-ED68-42A6-A806-0707D1A55F79}.Debug|Any CPU.Build.0 = Debug|Any CPU
		{5C642DA2-ED68-42A6-A806-0707D1A55F79}.Release|Any CPU.ActiveCfg = Release|Any CPU
		{5C642DA2-ED68-42A6-A806-0707D1A55F79}.Release|Any CPU.Build.0 = Release|Any CPU
		{6D1104F4-91D2-4AFD-B6FC-1C3FE2EDAB30}.Debug|Any CPU.ActiveCfg = Debug|Any CPU
		{6D1104F4-91D2-4AFD-B6FC-1C3FE2EDAB30}.Debug|Any CPU.Build.0 = Debug|Any CPU
		{6D1104F4-91D2-4AFD-B6FC-1C3FE2EDAB30}.Release|Any CPU.ActiveCfg = Release|Any CPU
		{6D1104F4-91D2-4AFD-B6FC-1C3FE2EDAB30}.Release|Any CPU.Build.0 = Release|Any CPU
		{D53D1B51-7EA8-405F-9033-13FFAD53701C}.Debug|Any CPU.ActiveCfg = Debug|Any CPU
		{D53D1B51-7EA8-405F-9033-13FFAD53701C}.Debug|Any CPU.Build.0 = Debug|Any CPU
		{D53D1B51-7EA8-405F-9033-13FFAD53701C}.Release|Any CPU.ActiveCfg = Release|Any CPU
		{D53D1B51-7EA8-405F-9033-13FFAD53701C}.Release|Any CPU.Build.0 = Release|Any CPU
		{FF7FD844-D0E5-459B-8CC9-4FFDAAD1AD6A}.Debug|Any CPU.ActiveCfg = Debug|Any CPU
		{FF7FD844-D0E5-459B-8CC9-4FFDAAD1AD6A}.Debug|Any CPU.Build.0 = Debug|Any CPU
		{FF7FD844-D0E5-459B-8CC9-4FFDAAD1AD6A}.Release|Any CPU.ActiveCfg = Release|Any CPU
		{FF7FD844-D0E5-459B-8CC9-4FFDAAD1AD6A}.Release|Any CPU.Build.0 = Release|Any CPU
		{53284C1F-3189-411F-86F8-78996DFCD986}.Debug|Any CPU.ActiveCfg = Debug|Any CPU
		{53284C1F-3189-411F-86F8-78996DFCD986}.Debug|Any CPU.Build.0 = Debug|Any CPU
		{53284C1F-3189-411F-86F8-78996DFCD986}.Release|Any CPU.ActiveCfg = Release|Any CPU
		{53284C1F-3189-411F-86F8-78996DFCD986}.Release|Any CPU.Build.0 = Release|Any CPU
	EndGlobalSection
	GlobalSection(SolutionProperties) = preSolution
		HideSolutionNode = FALSE
	EndGlobalSection
	GlobalSection(NestedProjects) = preSolution
		{D0759668-5618-483D-9047-E264AD0754DA} = {E9CE1BDA-4D07-4FA3-AA72-B4B54D00343D}
		{5C642DA2-ED68-42A6-A806-0707D1A55F79} = {24947875-977A-485C-B022-630B2C566181}
		{6D1104F4-91D2-4AFD-B6FC-1C3FE2EDAB30} = {CFED7298-3F6E-4E01-8491-612479DB154D}
		{D53D1B51-7EA8-405F-9033-13FFAD53701C} = {E9CE1BDA-4D07-4FA3-AA72-B4B54D00343D}
		{FF7FD844-D0E5-459B-8CC9-4FFDAAD1AD6A} = {74E6A074-8707-48DB-BF42-655DC8C2CDD9}
		{53284C1F-3189-411F-86F8-78996DFCD986} = {3B51FB01-4989-4F77-B4DE-380F9FDC3C40}
	EndGlobalSection
	GlobalSection(ExtensibilityGlobals) = postSolution
		SolutionGuid = {C6376C3B-4BF4-4678-BEBE-071ECD31213E}
	EndGlobalSection
EndGlobal
